
Microsoft Visual Studio Solution File, Format Version 12.00
# Visual Studio Version 17
VisualStudioVersion = 17.10.34928.147
MinimumVisualStudioVersion = 10.0.40219.1
Project("{9A19103F-16F7-4668-BE54-9A1E7A4F7556}") = "MoAF.Abstractions", "MoAF.Abstractions\MoAF.Abstractions.csproj", "{51B9CECD-3996-4B07-A39B-C99940F09E69}"
EndProject
Project("{9A19103F-16F7-4668-BE54-9A1E7A4F7556}") = "MoAF.Core", "MoAF.Core\MoAF.Core.csproj", "{D91C53DE-74A1-4A77-822A-C06038631F41}"
EndProject
Project("{9A19103F-16F7-4668-BE54-9A1E7A4F7556}") = "MoAF.Container", "MoAF.Container\MoAF.Container.csproj", "{FC6C6692-CB4E-4827-9740-CE1BEFAE765E}"
EndProject
Global
	GlobalSection(SolutionConfigurationPlatforms) = preSolution
		Debug|Any CPU = Debug|Any CPU
		Release|Any CPU = Release|Any CPU
	EndGlobalSection
	GlobalSection(ProjectConfigurationPlatforms) = postSolution
		{51B9CECD-3996-4B07-A39B-C99940F09E69}.Debug|Any CPU.ActiveCfg = Debug|Any CPU
		{51B9CECD-3996-4B07-A39B-C99940F09E69}.Debug|Any CPU.Build.0 = Debug|Any CPU
		{51B9CECD-3996-4B07-A39B-C99940F09E69}.Release|Any CPU.ActiveCfg = Release|Any CPU
		{51B9CECD-3996-4B07-A39B-C99940F09E69}.Release|Any CPU.Build.0 = Release|Any CPU
		{D91C53DE-74A1-4A77-822A-C06038631F41}.Debug|Any CPU.ActiveCfg = Debug|Any CPU
		{D91C53DE-74A1-4A77-822A-C06038631F41}.Debug|Any CPU.Build.0 = Debug|Any CPU
		{D91C53DE-74A1-4A77-822A-C06038631F41}.Release|Any CPU.ActiveCfg = Release|Any CPU
		{D91C53DE-74A1-4A77-822A-C06038631F41}.Release|Any CPU.Build.0 = Release|Any CPU
		{FC6C6692-CB4E-4827-9740-CE1BEFAE765E}.Debug|Any CPU.ActiveCfg = Debug|Any CPU
		{FC6C6692-CB4E-4827-9740-CE1BEFAE765E}.Debug|Any CPU.Build.0 = Debug|Any CPU
		{FC6C6692-CB4E-4827-9740-CE1BEFAE765E}.Release|Any CPU.ActiveCfg = Release|Any CPU
		{FC6C6692-CB4E-4827-9740-CE1BEFAE765E}.Release|Any CPU.Build.0 = Release|Any CPU
	EndGlobalSection
	GlobalSection(SolutionProperties) = preSolution
		HideSolutionNode = FALSE
	EndGlobalSection
	GlobalSection(ExtensibilityGlobals) = postSolution
		SolutionGuid = {405908CE-5AFF-4EFD-B186-D12B7E0194C8}
	EndGlobalSection
EndGlobal
